// !$*UTF8*$!
{
	archiveVersion = 1;
	classes = {
	};
	objectVersion = 55;
	objects = {

/* Begin PBXBuildFile section */
		C51B0C5D28C5136000316475 /* AppDelegate.swift in Sources */ = {isa = PBXBuildFile; fileRef = C51B0C5C28C5136000316475 /* AppDelegate.swift */; };
		C51B0C5F28C5136000316475 /* SceneDelegate.swift in Sources */ = {isa = PBXBuildFile; fileRef = C51B0C5E28C5136000316475 /* SceneDelegate.swift */; };
		C51B0C6128C5136000316475 /* LoginViewController.swift in Sources */ = {isa = PBXBuildFile; fileRef = C51B0C6028C5136000316475 /* LoginViewController.swift */; };
		C51B0C6628C5136300316475 /* Assets.xcassets in Resources */ = {isa = PBXBuildFile; fileRef = C51B0C6528C5136300316475 /* Assets.xcassets */; };
		C51B0C6928C5136300316475 /* LaunchScreen.storyboard in Resources */ = {isa = PBXBuildFile; fileRef = C51B0C6728C5136300316475 /* LaunchScreen.storyboard */; };
		C51B0C7128C515BF00316475 /* GitHubViewController.swift in Sources */ = {isa = PBXBuildFile; fileRef = C51B0C7028C515BF00316475 /* GitHubViewController.swift */; };
		C51B0C7328C52CB100316475 /* GitHubConstants.swift in Sources */ = {isa = PBXBuildFile; fileRef = C51B0C7228C52CB100316475 /* GitHubConstants.swift */; };
		C51B0C7528C5330B00316475 /* GithubRepositoryResults.swift in Sources */ = {isa = PBXBuildFile; fileRef = C51B0C7428C5330B00316475 /* GithubRepositoryResults.swift */; };
		C51B0C7728C5342800316475 /* TokenFetcher.swift in Sources */ = {isa = PBXBuildFile; fileRef = C51B0C7628C5342800316475 /* TokenFetcher.swift */; };
		C51B0C7928C5492D00316475 /* SearchTableViewController.swift in Sources */ = {isa = PBXBuildFile; fileRef = C51B0C7828C5492D00316475 /* SearchTableViewController.swift */; };
		C51B0C7B28C54DC600316475 /* NetworkService.swift in Sources */ = {isa = PBXBuildFile; fileRef = C51B0C7A28C54DC600316475 /* NetworkService.swift */; };
/* End PBXBuildFile section */

/* Begin PBXFileReference section */
		C51B0C5928C5136000316475 /* HeadwayTaskMatasova.app */ = {isa = PBXFileReference; explicitFileType = wrapper.application; includeInIndex = 0; path = HeadwayTaskMatasova.app; sourceTree = BUILT_PRODUCTS_DIR; };
		C51B0C5C28C5136000316475 /* AppDelegate.swift */ = {isa = PBXFileReference; lastKnownFileType = sourcecode.swift; path = AppDelegate.swift; sourceTree = "<group>"; };
		C51B0C5E28C5136000316475 /* SceneDelegate.swift */ = {isa = PBXFileReference; lastKnownFileType = sourcecode.swift; path = SceneDelegate.swift; sourceTree = "<group>"; };
		C51B0C6028C5136000316475 /* LoginViewController.swift */ = {isa = PBXFileReference; lastKnownFileType = sourcecode.swift; path = LoginViewController.swift; sourceTree = "<group>"; };
		C51B0C6528C5136300316475 /* Assets.xcassets */ = {isa = PBXFileReference; lastKnownFileType = folder.assetcatalog; path = Assets.xcassets; sourceTree = "<group>"; };
		C51B0C6828C5136300316475 /* Base */ = {isa = PBXFileReference; lastKnownFileType = file.storyboard; name = Base; path = Base.lproj/LaunchScreen.storyboard; sourceTree = "<group>"; };
		C51B0C6A28C5136300316475 /* Info.plist */ = {isa = PBXFileReference; lastKnownFileType = text.plist.xml; path = Info.plist; sourceTree = "<group>"; };
		C51B0C7028C515BF00316475 /* GitHubViewController.swift */ = {isa = PBXFileReference; lastKnownFileType = sourcecode.swift; path = GitHubViewController.swift; sourceTree = "<group>"; };
		C51B0C7228C52CB100316475 /* GitHubConstants.swift */ = {isa = PBXFileReference; lastKnownFileType = sourcecode.swift; path = GitHubConstants.swift; sourceTree = "<group>"; };
		C51B0C7428C5330B00316475 /* GithubRepositoryResults.swift */ = {isa = PBXFileReference; lastKnownFileType = sourcecode.swift; path = GithubRepositoryResults.swift; sourceTree = "<group>"; };
		C51B0C7628C5342800316475 /* TokenFetcher.swift */ = {isa = PBXFileReference; lastKnownFileType = sourcecode.swift; path = TokenFetcher.swift; sourceTree = "<group>"; };
		C51B0C7828C5492D00316475 /* SearchTableViewController.swift */ = {isa = PBXFileReference; lastKnownFileType = sourcecode.swift; path = SearchTableViewController.swift; sourceTree = "<group>"; };
		C51B0C7A28C54DC600316475 /* NetworkService.swift */ = {isa = PBXFileReference; lastKnownFileType = sourcecode.swift; path = NetworkService.swift; sourceTree = "<group>"; };
/* End PBXFileReference section */

/* Begin PBXFrameworksBuildPhase section */
		C51B0C5628C5136000316475 /* Frameworks */ = {
			isa = PBXFrameworksBuildPhase;
			buildActionMask = 2147483647;
			files = (
			);
			runOnlyForDeploymentPostprocessing = 0;
		};
/* End PBXFrameworksBuildPhase section */

/* Begin PBXGroup section */
		C51B0C5028C5136000316475 = {
			isa = PBXGroup;
			children = (
				C51B0C5B28C5136000316475 /* HeadwayTaskMatasova */,
				C51B0C5A28C5136000316475 /* Products */,
			);
			sourceTree = "<group>";
		};
		C51B0C5A28C5136000316475 /* Products */ = {
			isa = PBXGroup;
			children = (
				C51B0C5928C5136000316475 /* HeadwayTaskMatasova.app */,
			);
			name = Products;
			sourceTree = "<group>";
		};
		C51B0C5B28C5136000316475 /* HeadwayTaskMatasova */ = {
			isa = PBXGroup;
			children = (
				C51B0C5C28C5136000316475 /* AppDelegate.swift */,
				C51B0C5E28C5136000316475 /* SceneDelegate.swift */,
				C51B0C7228C52CB100316475 /* GitHubConstants.swift */,
				C51B0C7C28C5FCBD00316475 /* Network */,
				C51B0C7D28C5FCE500316475 /* View */,
				C51B0C7E28C5FD1000316475 /* Model */,
				C51B0C6528C5136300316475 /* Assets.xcassets */,
				C51B0C6728C5136300316475 /* LaunchScreen.storyboard */,
				C51B0C6A28C5136300316475 /* Info.plist */,
			);
			path = HeadwayTaskMatasova;
			sourceTree = "<group>";
		};
		C51B0C7C28C5FCBD00316475 /* Network */ = {
			isa = PBXGroup;
			children = (
				C51B0C7628C5342800316475 /* TokenFetcher.swift */,
				C51B0C7A28C54DC600316475 /* NetworkService.swift */,
			);
			path = Network;
			sourceTree = "<group>";
		};
		C51B0C7D28C5FCE500316475 /* View */ = {
			isa = PBXGroup;
			children = (
				C51B0C6028C5136000316475 /* LoginViewController.swift */,
				C51B0C7028C515BF00316475 /* GitHubViewController.swift */,
				C51B0C7828C5492D00316475 /* SearchTableViewController.swift */,
			);
			path = View;
			sourceTree = "<group>";
		};
		C51B0C7E28C5FD1000316475 /* Model */ = {
			isa = PBXGroup;
			children = (
				C51B0C7428C5330B00316475 /* GithubRepositoryResults.swift */,
			);
			path = Model;
			sourceTree = "<group>";
		};
/* End PBXGroup section */

/* Begin PBXNativeTarget section */
		C51B0C5828C5136000316475 /* HeadwayTaskMatasova */ = {
			isa = PBXNativeTarget;
			buildConfigurationList = C51B0C6D28C5136300316475 /* Build configuration list for PBXNativeTarget "HeadwayTaskMatasova" */;
			buildPhases = (
				C51B0C5528C5136000316475 /* Sources */,
				C51B0C5628C5136000316475 /* Frameworks */,
				C51B0C5728C5136000316475 /* Resources */,
			);
			buildRules = (
			);
			dependencies = (
			);
			name = HeadwayTaskMatasova;
			productName = HeadwayTaskMatasova;
			productReference = C51B0C5928C5136000316475 /* HeadwayTaskMatasova.app */;
			productType = "com.apple.product-type.application";
		};
/* End PBXNativeTarget section */

/* Begin PBXProject section */
		C51B0C5128C5136000316475 /* Project object */ = {
			isa = PBXProject;
			attributes = {
				BuildIndependentTargetsInParallel = 1;
				LastSwiftUpdateCheck = 1320;
				LastUpgradeCheck = 1320;
				TargetAttributes = {
					C51B0C5828C5136000316475 = {
						CreatedOnToolsVersion = 13.2.1;
					};
				};
			};
			buildConfigurationList = C51B0C5428C5136000316475 /* Build configuration list for PBXProject "HeadwayTaskMatasova" */;
			compatibilityVersion = "Xcode 13.0";
			developmentRegion = en;
			hasScannedForEncodings = 0;
			knownRegions = (
				en,
				Base,
			);
			mainGroup = C51B0C5028C5136000316475;
			productRefGroup = C51B0C5A28C5136000316475 /* Products */;
			projectDirPath = "";
			projectRoot = "";
			targets = (
				C51B0C5828C5136000316475 /* HeadwayTaskMatasova */,
			);
		};
/* End PBXProject section */

/* Begin PBXResourcesBuildPhase section */
		C51B0C5728C5136000316475 /* Resources */ = {
			isa = PBXResourcesBuildPhase;
			buildActionMask = 2147483647;
			files = (
				C51B0C6928C5136300316475 /* LaunchScreen.storyboard in Resources */,
				C51B0C6628C5136300316475 /* Assets.xcassets in Resources */,
			);
			runOnlyForDeploymentPostprocessing = 0;
		};
/* End PBXResourcesBuildPhase section */

/* Begin PBXSourcesBuildPhase section */
		C51B0C5528C5136000316475 /* Sources */ = {
			isa = PBXSourcesBuildPhase;
			buildActionMask = 2147483647;
			files = (
				C51B0C7328C52CB100316475 /* GitHubConstants.swift in Sources */,
				C51B0C7528C5330B00316475 /* GithubRepositoryResults.swift in Sources */,
				C51B0C6128C5136000316475 /* LoginViewController.swift in Sources */,
				C51B0C5D28C5136000316475 /* AppDelegate.swift in Sources */,
				C51B0C7B28C54DC600316475 /* NetworkService.swift in Sources */,
				C51B0C7728C5342800316475 /* TokenFetcher.swift in Sources */,
				C51B0C5F28C5136000316475 /* SceneDelegate.swift in Sources */,
				C51B0C7128C515BF00316475 /* GitHubViewController.swift in Sources */,
				C51B0C7928C5492D00316475 /* SearchTableViewController.swift in Sources */,
			);
			runOnlyForDeploymentPostprocessing = 0;
		};
/* End PBXSourcesBuildPhase section */

/* Begin PBXVariantGroup section */
		C51B0C6728C5136300316475 /* LaunchScreen.storyboard */ = {
			isa = PBXVariantGroup;
			children = (
				C51B0C6828C5136300316475 /* Base */,
			);
			name = LaunchScreen.storyboard;
			sourceTree = "<group>";
		};
/* End PBXVariantGroup section */

/* Begin XCBuildConfiguration section */
		C51B0C6B28C5136300316475 /* Debug */ = {
			isa = XCBuildConfiguration;
			buildSettings = {
				ALWAYS_SEARCH_USER_PATHS = NO;
				CLANG_ANALYZER_NONNULL = YES;
				CLANG_ANALYZER_NUMBER_OBJECT_CONVERSION = YES_AGGRESSIVE;
				CLANG_CXX_LANGUAGE_STANDARD = "gnu++17";
				CLANG_CXX_LIBRARY = "libc++";
				CLANG_ENABLE_MODULES = YES;
				CLANG_ENABLE_OBJC_ARC = YES;
				CLANG_ENABLE_OBJC_WEAK = YES;
				CLANG_WARN_BLOCK_CAPTURE_AUTORELEASING = YES;
				CLANG_WARN_BOOL_CONVERSION = YES;
				CLANG_WARN_COMMA = YES;
				CLANG_WARN_CONSTANT_CONVERSION = YES;
				CLANG_WARN_DEPRECATED_OBJC_IMPLEMENTATIONS = YES;
				CLANG_WARN_DIRECT_OBJC_ISA_USAGE = YES_ERROR;
				CLANG_WARN_DOCUMENTATION_COMMENTS = YES;
				CLANG_WARN_EMPTY_BODY = YES;
				CLANG_WARN_ENUM_CONVERSION = YES;
				CLANG_WARN_INFINITE_RECURSION = YES;
				CLANG_WARN_INT_CONVERSION = YES;
				CLANG_WARN_NON_LITERAL_NULL_CONVERSION = YES;
				CLANG_WARN_OBJC_IMPLICIT_RETAIN_SELF = YES;
				CLANG_WARN_OBJC_LITERAL_CONVERSION = YES;
				CLANG_WARN_OBJC_ROOT_CLASS = YES_ERROR;
				CLANG_WARN_QUOTED_INCLUDE_IN_FRAMEWORK_HEADER = YES;
				CLANG_WARN_RANGE_LOOP_ANALYSIS = YES;
				CLANG_WARN_STRICT_PROTOTYPES = YES;
				CLANG_WARN_SUSPICIOUS_MOVE = YES;
				CLANG_WARN_UNGUARDED_AVAILABILITY = YES_AGGRESSIVE;
				CLANG_WARN_UNREACHABLE_CODE = YES;
				CLANG_WARN__DUPLICATE_METHOD_MATCH = YES;
				COPY_PHASE_STRIP = NO;
				DEBUG_INFORMATION_FORMAT = dwarf;
				ENABLE_STRICT_OBJC_MSGSEND = YES;
				ENABLE_TESTABILITY = YES;
				GCC_C_LANGUAGE_STANDARD = gnu11;
				GCC_DYNAMIC_NO_PIC = NO;
				GCC_NO_COMMON_BLOCKS = YES;
				GCC_OPTIMIZATION_LEVEL = 0;
				GCC_PREPROCESSOR_DEFINITIONS = (
					"DEBUG=1",
					"$(inherited)",
				);
				GCC_WARN_64_TO_32_BIT_CONVERSION = YES;
				GCC_WARN_ABOUT_RETURN_TYPE = YES_ERROR;
				GCC_WARN_UNDECLARED_SELECTOR = YES;
				GCC_WARN_UNINITIALIZED_AUTOS = YES_AGGRESSIVE;
				GCC_WARN_UNUSED_FUNCTION = YES;
				GCC_WARN_UNUSED_VARIABLE = YES;
				IPHONEOS_DEPLOYMENT_TARGET = 15.2;
				MTL_ENABLE_DEBUG_INFO = INCLUDE_SOURCE;
				MTL_FAST_MATH = YES;
				ONLY_ACTIVE_ARCH = YES;
				SDKROOT = iphoneos;
				SWIFT_ACTIVE_COMPILATION_CONDITIONS = DEBUG;
				SWIFT_OPTIMIZATION_LEVEL = "-Onone";
			};
			name = Debug;
		};
		C51B0C6C28C5136300316475 /* Release */ = {
			isa = XCBuildConfiguration;
			buildSettings = {
				ALWAYS_SEARCH_USER_PATHS = NO;
				CLANG_ANALYZER_NONNULL = YES;
				CLANG_ANALYZER_NUMBER_OBJECT_CONVERSION = YES_AGGRESSIVE;
				CLANG_CXX_LANGUAGE_STANDARD = "gnu++17";
				CLANG_CXX_LIBRARY = "libc++";
				CLANG_ENABLE_MODULES = YES;
				CLANG_ENABLE_OBJC_ARC = YES;
				CLANG_ENABLE_OBJC_WEAK = YES;
				CLANG_WARN_BLOCK_CAPTURE_AUTORELEASING = YES;
				CLANG_WARN_BOOL_CONVERSION = YES;
				CLANG_WARN_COMMA = YES;
				CLANG_WARN_CONSTANT_CONVERSION = YES;
				CLANG_WARN_DEPRECATED_OBJC_IMPLEMENTATIONS = YES;
				CLANG_WARN_DIRECT_OBJC_ISA_USAGE = YES_ERROR;
				CLANG_WARN_DOCUMENTATION_COMMENTS = YES;
				CLANG_WARN_EMPTY_BODY = YES;
				CLANG_WARN_ENUM_CONVERSION = YES;
				CLANG_WARN_INFINITE_RECURSION = YES;
				CLANG_WARN_INT_CONVERSION = YES;
				CLANG_WARN_NON_LITERAL_NULL_CONVERSION = YES;
				CLANG_WARN_OBJC_IMPLICIT_RETAIN_SELF = YES;
				CLANG_WARN_OBJC_LITERAL_CONVERSION = YES;
				CLANG_WARN_OBJC_ROOT_CLASS = YES_ERROR;
				CLANG_WARN_QUOTED_INCLUDE_IN_FRAMEWORK_HEADER = YES;
				CLANG_WARN_RANGE_LOOP_ANALYSIS = YES;
				CLANG_WARN_STRICT_PROTOTYPES = YES;
				CLANG_WARN_SUSPICIOUS_MOVE = YES;
				CLANG_WARN_UNGUARDED_AVAILABILITY = YES_AGGRESSIVE;
				CLANG_WARN_UNREACHABLE_CODE = YES;
				CLANG_WARN__DUPLICATE_METHOD_MATCH = YES;
				COPY_PHASE_STRIP = NO;
				DEBUG_INFORMATION_FORMAT = "dwarf-with-dsym";
				ENABLE_NS_ASSERTIONS = NO;
				ENABLE_STRICT_OBJC_MSGSEND = YES;
				GCC_C_LANGUAGE_STANDARD = gnu11;
				GCC_NO_COMMON_BLOCKS = YES;
				GCC_WARN_64_TO_32_BIT_CONVERSION = YES;
				GCC_WARN_ABOUT_RETURN_TYPE = YES_ERROR;
				GCC_WARN_UNDECLARED_SELECTOR = YES;
				GCC_WARN_UNINITIALIZED_AUTOS = YES_AGGRESSIVE;
				GCC_WARN_UNUSED_FUNCTION = YES;
				GCC_WARN_UNUSED_VARIABLE = YES;
				IPHONEOS_DEPLOYMENT_TARGET = 15.2;
				MTL_ENABLE_DEBUG_INFO = NO;
				MTL_FAST_MATH = YES;
				SDKROOT = iphoneos;
				SWIFT_COMPILATION_MODE = wholemodule;
				SWIFT_OPTIMIZATION_LEVEL = "-O";
				VALIDATE_PRODUCT = YES;
			};
			name = Release;
		};
		C51B0C6E28C5136300316475 /* Debug */ = {
			isa = XCBuildConfiguration;
			buildSettings = {
				ASSETCATALOG_COMPILER_APPICON_NAME = AppIcon;
				ASSETCATALOG_COMPILER_GLOBAL_ACCENT_COLOR_NAME = AccentColor;
				CODE_SIGN_STYLE = Automatic;
				CURRENT_PROJECT_VERSION = 1;
				DEVELOPMENT_TEAM = W386682V2H;
				GENERATE_INFOPLIST_FILE = YES;
				INFOPLIST_FILE = HeadwayTaskMatasova/Info.plist;
				INFOPLIST_KEY_UIApplicationSupportsIndirectInputEvents = YES;
				INFOPLIST_KEY_UILaunchStoryboardName = LaunchScreen;
				INFOPLIST_KEY_UISupportedInterfaceOrientations_iPad = "UIInterfaceOrientationPortrait UIInterfaceOrientationPortraitUpsideDown UIInterfaceOrientationLandscapeLeft UIInterfaceOrientationLandscapeRight";
				INFOPLIST_KEY_UISupportedInterfaceOrientations_iPhone = "UIInterfaceOrientationPortrait UIInterfaceOrientationLandscapeLeft UIInterfaceOrientationLandscapeRight";
				LD_RUNPATH_SEARCH_PATHS = (
					"$(inherited)",
					"@executable_path/Frameworks",
				);
				MARKETING_VERSION = 1.0;
				PRODUCT_BUNDLE_IDENTIFIER = com.romatest.HeadwayTaskMatasova;
				PRODUCT_NAME = "$(TARGET_NAME)";
				SWIFT_EMIT_LOC_STRINGS = YES;
				SWIFT_VERSION = 5.0;
				TARGETED_DEVICE_FAMILY = "1,2";
			};
			name = Debug;
		};
		C51B0C6F28C5136300316475 /* Release */ = {
			isa = XCBuildConfiguration;
			buildSettings = {
				ASSETCATALOG_COMPILER_APPICON_NAME = AppIcon;
				ASSETCATALOG_COMPILER_GLOBAL_ACCENT_COLOR_NAME = AccentColor;
				CODE_SIGN_STYLE = Automatic;
				CURRENT_PROJECT_VERSION = 1;
				DEVELOPMENT_TEAM = W386682V2H;
				GENERATE_INFOPLIST_FILE = YES;
				INFOPLIST_FILE = HeadwayTaskMatasova/Info.plist;
				INFOPLIST_KEY_UIApplicationSupportsIndirectInputEvents = YES;
				INFOPLIST_KEY_UILaunchStoryboardName = LaunchScreen;
				INFOPLIST_KEY_UISupportedInterfaceOrientations_iPad = "UIInterfaceOrientationPortrait UIInterfaceOrientationPortraitUpsideDown UIInterfaceOrientationLandscapeLeft UIInterfaceOrientationLandscapeRight";
				INFOPLIST_KEY_UISupportedInterfaceOrientations_iPhone = "UIInterfaceOrientationPortrait UIInterfaceOrientationLandscapeLeft UIInterfaceOrientationLandscapeRight";
				LD_RUNPATH_SEARCH_PATHS = (
					"$(inherited)",
					"@executable_path/Frameworks",
				);
				MARKETING_VERSION = 1.0;
				PRODUCT_BUNDLE_IDENTIFIER = com.romatest.HeadwayTaskMatasova;
				PRODUCT_NAME = "$(TARGET_NAME)";
				SWIFT_EMIT_LOC_STRINGS = YES;
				SWIFT_VERSION = 5.0;
				TARGETED_DEVICE_FAMILY = "1,2";
			};
			name = Release;
		};
/* End XCBuildConfiguration section */

/* Begin XCConfigurationList section */
		C51B0C5428C5136000316475 /* Build configuration list for PBXProject "HeadwayTaskMatasova" */ = {
			isa = XCConfigurationList;
			buildConfigurations = (
				C51B0C6B28C5136300316475 /* Debug */,
				C51B0C6C28C5136300316475 /* Release */,
			);
			defaultConfigurationIsVisible = 0;
			defaultConfigurationName = Release;
		};
		C51B0C6D28C5136300316475 /* Build configuration list for PBXNativeTarget "HeadwayTaskMatasova" */ = {
			isa = XCConfigurationList;
			buildConfigurations = (
				C51B0C6E28C5136300316475 /* Debug */,
				C51B0C6F28C5136300316475 /* Release */,
			);
			defaultConfigurationIsVisible = 0;
			defaultConfigurationName = Release;
		};
/* End XCConfigurationList section */
	};
	rootObject = C51B0C5128C5136000316475 /* Project object */;
}
